
Microsoft Visual Studio Solution File, Format Version 12.00
# Visual Studio Version 17
VisualStudioVersion = 17.4.33213.308
MinimumVisualStudioVersion = 10.0.40219.1
Project("{FAE04EC0-301F-11D3-BF4B-00C04F79EFBC}") = "Exercise 2 PE4", "Exercise 2 PE4.csproj", "{352C7FF7-BE82-4719-A155-25E45EF43517}"
EndProject
Global
	GlobalSection(SolutionConfigurationPlatforms) = preSolution
		Debug|Any CPU = Debug|Any CPU
		Release|Any CPU = Release|Any CPU
	EndGlobalSection
	GlobalSection(ProjectConfigurationPlatforms) = postSolution
		{352C7FF7-BE82-4719-A155-25E45EF43517}.Debug|Any CPU.ActiveCfg = Debug|Any CPU
		{352C7FF7-BE82-4719-A155-25E45EF43517}.Debug|Any CPU.Build.0 = Debug|Any CPU
		{352C7FF7-BE82-4719-A155-25E45EF43517}.Release|Any CPU.ActiveCfg = Release|Any CPU
		{352C7FF7-BE82-4719-A155-25E45EF43517}.Release|Any CPU.Build.0 = Release|Any CPU
	EndGlobalSection
	GlobalSection(SolutionProperties) = preSolution
		HideSolutionNode = FALSE
	EndGlobalSection
	GlobalSection(ExtensibilityGlobals) = postSolution
		SolutionGuid = {14C552A3-AF05-42C7-A179-FE32113CED76}
	EndGlobalSection
EndGlobal
